
Microsoft Visual Studio Solution File, Format Version 12.00
# Visual Studio Version 16
VisualStudioVersion = 16.0.31005.135
MinimumVisualStudioVersion = 10.0.40219.1
Project("{9A19103F-16F7-4668-BE54-9A1E7A4F7556}") = "SnClientDotNetTests", "SnClientDotNetTests\SnClientDotNetTests.csproj", "{7EBC81AC-C7D3-4877-B586-28198D658017}"
EndProject
Project("{9A19103F-16F7-4668-BE54-9A1E7A4F7556}") = "SenseNet.Client", "..\..\..\..\..\dev\github\sn-client-dotnet\src\SenseNet.Client\SenseNet.Client.csproj", "{99E228EE-5F82-42B8-B370-1C2007FD3359}"
EndProject
Global
	GlobalSection(SolutionConfigurationPlatforms) = preSolution
		Debug|Any CPU = Debug|Any CPU
		Release|Any CPU = Release|Any CPU
	EndGlobalSection
	GlobalSection(ProjectConfigurationPlatforms) = postSolution
		{7EBC81AC-C7D3-4877-B586-28198D658017}.Debug|Any CPU.ActiveCfg = Debug|Any CPU
		{7EBC81AC-C7D3-4877-B586-28198D658017}.Debug|Any CPU.Build.0 = Debug|Any CPU
		{7EBC81AC-C7D3-4877-B586-28198D658017}.Release|Any CPU.ActiveCfg = Release|Any CPU
		{7EBC81AC-C7D3-4877-B586-28198D658017}.Release|Any CPU.Build.0 = Release|Any CPU
		{99E228EE-5F82-42B8-B370-1C2007FD3359}.Debug|Any CPU.ActiveCfg = Debug|Any CPU
		{99E228EE-5F82-42B8-B370-1C2007FD3359}.Debug|Any CPU.Build.0 = Debug|Any CPU
		{99E228EE-5F82-42B8-B370-1C2007FD3359}.Release|Any CPU.ActiveCfg = Release|Any CPU
		{99E228EE-5F82-42B8-B370-1C2007FD3359}.Release|Any CPU.Build.0 = Release|Any CPU
	EndGlobalSection
	GlobalSection(SolutionProperties) = preSolution
		HideSolutionNode = FALSE
	EndGlobalSection
	GlobalSection(ExtensibilityGlobals) = postSolution
		SolutionGuid = {203CA00E-E75C-4C80-BFC0-59D23C50F1A4}
	EndGlobalSection
EndGlobal
